// !$*UTF8*$!
{
	archiveVersion = 1;
	classes = {
	};
	objectVersion = 51;
	objects = {

/* Begin PBXBuildFile section */
		0DE429F5BC54CEBA1C1BB942 /* Pods_xkcd_viewer.framework in Frameworks */ = {isa = PBXBuildFile; fileRef = 6D74993DD631DFBEC54DE7AC /* Pods_xkcd_viewer.framework */; };
		5B41203C251F5726004DE325 /* UITableView+register.swift in Sources */ = {isa = PBXBuildFile; fileRef = 5B41203B251F5726004DE325 /* UITableView+register.swift */; };
		5B41203F251F58D9004DE325 /* FavoriteComicCell.swift in Sources */ = {isa = PBXBuildFile; fileRef = 5B41203E251F58D9004DE325 /* FavoriteComicCell.swift */; };
		5B412041251F672C004DE325 /* UIViewController+SafariController.swift in Sources */ = {isa = PBXBuildFile; fileRef = 5B412040251F672C004DE325 /* UIViewController+SafariController.swift */; };
		5B41204425209783004DE325 /* StorageService.swift in Sources */ = {isa = PBXBuildFile; fileRef = 5B41204325209783004DE325 /* StorageService.swift */; };
		5B4120472520AA04004DE325 /* MockAPIManager.swift in Sources */ = {isa = PBXBuildFile; fileRef = 5B4120462520AA04004DE325 /* MockAPIManager.swift */; };
		5B41204A2520AB3D004DE325 /* CurrentComic.json in Sources */ = {isa = PBXBuildFile; fileRef = 5B4120492520AB3D004DE325 /* CurrentComic.json */; };
		5B41204C2520AB85004DE325 /* Comic_100.json in Resources */ = {isa = PBXBuildFile; fileRef = 5B41204B2520AB85004DE325 /* Comic_100.json */; };
		5B41204D2520AF46004DE325 /* CurrentComic.json in Resources */ = {isa = PBXBuildFile; fileRef = 5B4120492520AB3D004DE325 /* CurrentComic.json */; };
		5B41204E2520AF4A004DE325 /* Comic_100.json in Resources */ = {isa = PBXBuildFile; fileRef = 5B41204B2520AB85004DE325 /* Comic_100.json */; };
		5B4120522520B1EC004DE325 /* HomeViewModelTests.swift in Sources */ = {isa = PBXBuildFile; fileRef = 5B4120512520B1EC004DE325 /* HomeViewModelTests.swift */; };
		5B4120552520B2EC004DE325 /* FavoritesViewModelTests.swift in Sources */ = {isa = PBXBuildFile; fileRef = 5B4120542520B2EC004DE325 /* FavoritesViewModelTests.swift */; };
		5B99C5292517925300C08C2C /* HomeViewModel.swift in Sources */ = {isa = PBXBuildFile; fileRef = 5B99C5282517925300C08C2C /* HomeViewModel.swift */; };
		5B99C52C2517926B00C08C2C /* HomeViewController.swift in Sources */ = {isa = PBXBuildFile; fileRef = 5B99C52B2517926B00C08C2C /* HomeViewController.swift */; };
		5B99C530251795FA00C08C2C /* CGFloat+AppMargin.swift in Sources */ = {isa = PBXBuildFile; fileRef = 5B99C52F251795FA00C08C2C /* CGFloat+AppMargin.swift */; };
		5B99C5362517B89300C08C2C /* Localizable.strings in Resources */ = {isa = PBXBuildFile; fileRef = 5B99C5382517B89300C08C2C /* Localizable.strings */; };
		5B99C53C2517D69600C08C2C /* Double+toString.swift in Sources */ = {isa = PBXBuildFile; fileRef = 5B99C53B2517D69600C08C2C /* Double+toString.swift */; };
		5B99C5412517D98900C08C2C /* GenericTabbarViewController.swift in Sources */ = {isa = PBXBuildFile; fileRef = 5B99C5402517D98900C08C2C /* GenericTabbarViewController.swift */; };
		5B99C5442517DA2F00C08C2C /* FavoritesViewModel.swift in Sources */ = {isa = PBXBuildFile; fileRef = 5B99C5432517DA2F00C08C2C /* FavoritesViewModel.swift */; };
		5B99C5462517DA3E00C08C2C /* FavoritesViewController.swift in Sources */ = {isa = PBXBuildFile; fileRef = 5B99C5452517DA3E00C08C2C /* FavoritesViewController.swift */; };
		5B99C5482517DC3400C08C2C /* UIImage+Extension.swift in Sources */ = {isa = PBXBuildFile; fileRef = 5B99C5472517DC3400C08C2C /* UIImage+Extension.swift */; };
		5BC5234125174AFC00E8F65C /* AppDelegate.swift in Sources */ = {isa = PBXBuildFile; fileRef = 5BC5234025174AFC00E8F65C /* AppDelegate.swift */; };
		5BC5234A25174B0000E8F65C /* Assets.xcassets in Resources */ = {isa = PBXBuildFile; fileRef = 5BC5234925174B0000E8F65C /* Assets.xcassets */; };
		5BC5234D25174B0000E8F65C /* LaunchScreen.storyboard in Resources */ = {isa = PBXBuildFile; fileRef = 5BC5234B25174B0000E8F65C /* LaunchScreen.storyboard */; };
		5BC5236325174EF600E8F65C /* AppCommunicator.swift in Sources */ = {isa = PBXBuildFile; fileRef = 5BC5236225174EF600E8F65C /* AppCommunicator.swift */; };
		5BC52370251757BD00E8F65C /* .swiftlint.yml in Resources */ = {isa = PBXBuildFile; fileRef = 5BC5236F251757BD00E8F65C /* .swiftlint.yml */; };
		5BC52371251757BD00E8F65C /* .swiftlint.yml in Resources */ = {isa = PBXBuildFile; fileRef = 5BC5236F251757BD00E8F65C /* .swiftlint.yml */; };
		5BC5238425175B7600E8F65C /* EndPointType.swift in Sources */ = {isa = PBXBuildFile; fileRef = 5BC5237B25175B7600E8F65C /* EndPointType.swift */; };
		5BC5238525175B7600E8F65C /* ComicEndPoint.swift in Sources */ = {isa = PBXBuildFile; fileRef = 5BC5237C25175B7600E8F65C /* ComicEndPoint.swift */; };
		5BC5238625175B7600E8F65C /* HTTPTask.swift in Sources */ = {isa = PBXBuildFile; fileRef = 5BC5237E25175B7600E8F65C /* HTTPTask.swift */; };
		5BC5238725175B7600E8F65C /* HTTPMethod.swift in Sources */ = {isa = PBXBuildFile; fileRef = 5BC5237F25175B7600E8F65C /* HTTPMethod.swift */; };
		5BC5238825175B7600E8F65C /* Router.swift in Sources */ = {isa = PBXBuildFile; fileRef = 5BC5238025175B7600E8F65C /* Router.swift */; };
		5BC5238925175B7600E8F65C /* NetworkManager.swift in Sources */ = {isa = PBXBuildFile; fileRef = 5BC5238225175B7600E8F65C /* NetworkManager.swift */; };
		5BC5238A25175B7600E8F65C /* APIManager.swift in Sources */ = {isa = PBXBuildFile; fileRef = 5BC5238325175B7600E8F65C /* APIManager.swift */; };
		5BC5238F25175DA200E8F65C /* ParameterEncoding.swift in Sources */ = {isa = PBXBuildFile; fileRef = 5BC5238C25175DA200E8F65C /* ParameterEncoding.swift */; };
		5BC5239025175DA200E8F65C /* URLParameterEncoding.swift in Sources */ = {isa = PBXBuildFile; fileRef = 5BC5238D25175DA200E8F65C /* URLParameterEncoding.swift */; };
		5BC5239425175FB700E8F65C /* Comic.swift in Sources */ = {isa = PBXBuildFile; fileRef = 5BC5239325175FB700E8F65C /* Comic.swift */; };
		5BC52396251760D500E8F65C /* Constants.swift in Sources */ = {isa = PBXBuildFile; fileRef = 5BC52395251760D500E8F65C /* Constants.swift */; };
		B81924A750C846604D6B9F95 /* Pods_xkcd_viewerTests.framework in Frameworks */ = {isa = PBXBuildFile; fileRef = 36B4BC045B657B3936F98A91 /* Pods_xkcd_viewerTests.framework */; };
/* End PBXBuildFile section */

/* Begin PBXContainerItemProxy section */
		5BC5235425174B0000E8F65C /* PBXContainerItemProxy */ = {
			isa = PBXContainerItemProxy;
			containerPortal = 5BC5233525174AFC00E8F65C /* Project object */;
			proxyType = 1;
			remoteGlobalIDString = 5BC5233C25174AFC00E8F65C;
			remoteInfo = "xkcd-viewer";
		};
/* End PBXContainerItemProxy section */

/* Begin PBXFileReference section */
		36B4BC045B657B3936F98A91 /* Pods_xkcd_viewerTests.framework */ = {isa = PBXFileReference; explicitFileType = wrapper.framework; includeInIndex = 0; path = Pods_xkcd_viewerTests.framework; sourceTree = BUILT_PRODUCTS_DIR; };
		507D9C74AA3620CD38C4A6FC /* Pods-xkcd-viewer.release.xcconfig */ = {isa = PBXFileReference; includeInIndex = 1; lastKnownFileType = text.xcconfig; name = "Pods-xkcd-viewer.release.xcconfig"; path = "Target Support Files/Pods-xkcd-viewer/Pods-xkcd-viewer.release.xcconfig"; sourceTree = "<group>"; };
		51F0BC56EDB6B843EFF68BAE /* Pods-xkcd-viewer.debug.xcconfig */ = {isa = PBXFileReference; includeInIndex = 1; lastKnownFileType = text.xcconfig; name = "Pods-xkcd-viewer.debug.xcconfig"; path = "Target Support Files/Pods-xkcd-viewer/Pods-xkcd-viewer.debug.xcconfig"; sourceTree = "<group>"; };
		5B41203B251F5726004DE325 /* UITableView+register.swift */ = {isa = PBXFileReference; lastKnownFileType = sourcecode.swift; path = "UITableView+register.swift"; sourceTree = "<group>"; };
		5B41203E251F58D9004DE325 /* FavoriteComicCell.swift */ = {isa = PBXFileReference; lastKnownFileType = sourcecode.swift; path = FavoriteComicCell.swift; sourceTree = "<group>"; };
		5B412040251F672C004DE325 /* UIViewController+SafariController.swift */ = {isa = PBXFileReference; lastKnownFileType = sourcecode.swift; path = "UIViewController+SafariController.swift"; sourceTree = "<group>"; };
		5B41204325209783004DE325 /* StorageService.swift */ = {isa = PBXFileReference; lastKnownFileType = sourcecode.swift; path = StorageService.swift; sourceTree = "<group>"; };
		5B4120462520AA04004DE325 /* MockAPIManager.swift */ = {isa = PBXFileReference; lastKnownFileType = sourcecode.swift; path = MockAPIManager.swift; sourceTree = "<group>"; };
		5B4120492520AB3D004DE325 /* CurrentComic.json */ = {isa = PBXFileReference; lastKnownFileType = text.json; path = CurrentComic.json; sourceTree = "<group>"; };
		5B41204B2520AB85004DE325 /* Comic_100.json */ = {isa = PBXFileReference; lastKnownFileType = text.json; path = Comic_100.json; sourceTree = "<group>"; };
		5B4120512520B1EC004DE325 /* HomeViewModelTests.swift */ = {isa = PBXFileReference; lastKnownFileType = sourcecode.swift; path = HomeViewModelTests.swift; sourceTree = "<group>"; };
		5B4120542520B2EC004DE325 /* FavoritesViewModelTests.swift */ = {isa = PBXFileReference; lastKnownFileType = sourcecode.swift; path = FavoritesViewModelTests.swift; sourceTree = "<group>"; };
		5B99C5282517925300C08C2C /* HomeViewModel.swift */ = {isa = PBXFileReference; lastKnownFileType = sourcecode.swift; path = HomeViewModel.swift; sourceTree = "<group>"; };
		5B99C52B2517926B00C08C2C /* HomeViewController.swift */ = {isa = PBXFileReference; lastKnownFileType = sourcecode.swift; path = HomeViewController.swift; sourceTree = "<group>"; };
		5B99C52F251795FA00C08C2C /* CGFloat+AppMargin.swift */ = {isa = PBXFileReference; fileEncoding = 4; lastKnownFileType = sourcecode.swift; path = "CGFloat+AppMargin.swift"; sourceTree = "<group>"; };
		5B99C5372517B89300C08C2C /* en */ = {isa = PBXFileReference; lastKnownFileType = text.plist.strings; name = en; path = en.lproj/Localizable.strings; sourceTree = "<group>"; };
		5B99C5392517B8E900C08C2C /* nb */ = {isa = PBXFileReference; lastKnownFileType = text.plist.strings; name = nb; path = nb.lproj/LaunchScreen.strings; sourceTree = "<group>"; };
		5B99C53A2517B8E900C08C2C /* nb */ = {isa = PBXFileReference; lastKnownFileType = text.plist.strings; name = nb; path = nb.lproj/Localizable.strings; sourceTree = "<group>"; };
		5B99C53B2517D69600C08C2C /* Double+toString.swift */ = {isa = PBXFileReference; lastKnownFileType = sourcecode.swift; path = "Double+toString.swift"; sourceTree = "<group>"; };
		5B99C5402517D98900C08C2C /* GenericTabbarViewController.swift */ = {isa = PBXFileReference; lastKnownFileType = sourcecode.swift; path = GenericTabbarViewController.swift; sourceTree = "<group>"; };
		5B99C5432517DA2F00C08C2C /* FavoritesViewModel.swift */ = {isa = PBXFileReference; lastKnownFileType = sourcecode.swift; path = FavoritesViewModel.swift; sourceTree = "<group>"; };
		5B99C5452517DA3E00C08C2C /* FavoritesViewController.swift */ = {isa = PBXFileReference; lastKnownFileType = sourcecode.swift; path = FavoritesViewController.swift; sourceTree = "<group>"; };
		5B99C5472517DC3400C08C2C /* UIImage+Extension.swift */ = {isa = PBXFileReference; lastKnownFileType = sourcecode.swift; path = "UIImage+Extension.swift"; sourceTree = "<group>"; };
		5BC5233D25174AFC00E8F65C /* xkcd-viewer.app */ = {isa = PBXFileReference; explicitFileType = wrapper.application; includeInIndex = 0; path = "xkcd-viewer.app"; sourceTree = BUILT_PRODUCTS_DIR; };
		5BC5234025174AFC00E8F65C /* AppDelegate.swift */ = {isa = PBXFileReference; lastKnownFileType = sourcecode.swift; path = AppDelegate.swift; sourceTree = "<group>"; };
		5BC5234925174B0000E8F65C /* Assets.xcassets */ = {isa = PBXFileReference; lastKnownFileType = folder.assetcatalog; path = Assets.xcassets; sourceTree = "<group>"; };
		5BC5234C25174B0000E8F65C /* Base */ = {isa = PBXFileReference; lastKnownFileType = file.storyboard; name = Base; path = Base.lproj/LaunchScreen.storyboard; sourceTree = "<group>"; };
		5BC5234E25174B0000E8F65C /* Info.plist */ = {isa = PBXFileReference; lastKnownFileType = text.plist.xml; path = Info.plist; sourceTree = "<group>"; };
		5BC5235325174B0000E8F65C /* xkcd-viewerTests.xctest */ = {isa = PBXFileReference; explicitFileType = wrapper.cfbundle; includeInIndex = 0; path = "xkcd-viewerTests.xctest"; sourceTree = BUILT_PRODUCTS_DIR; };
		5BC5235925174B0100E8F65C /* Info.plist */ = {isa = PBXFileReference; lastKnownFileType = text.plist.xml; path = Info.plist; sourceTree = "<group>"; };
		5BC5236225174EF600E8F65C /* AppCommunicator.swift */ = {isa = PBXFileReference; fileEncoding = 4; lastKnownFileType = sourcecode.swift; path = AppCommunicator.swift; sourceTree = "<group>"; };
		5BC5236F251757BD00E8F65C /* .swiftlint.yml */ = {isa = PBXFileReference; fileEncoding = 4; lastKnownFileType = text.yaml; path = .swiftlint.yml; sourceTree = "<group>"; };
		5BC5237B25175B7600E8F65C /* EndPointType.swift */ = {isa = PBXFileReference; fileEncoding = 4; lastKnownFileType = sourcecode.swift; path = EndPointType.swift; sourceTree = "<group>"; };
		5BC5237C25175B7600E8F65C /* ComicEndPoint.swift */ = {isa = PBXFileReference; fileEncoding = 4; lastKnownFileType = sourcecode.swift; path = ComicEndPoint.swift; sourceTree = "<group>"; };
		5BC5237E25175B7600E8F65C /* HTTPTask.swift */ = {isa = PBXFileReference; fileEncoding = 4; lastKnownFileType = sourcecode.swift; path = HTTPTask.swift; sourceTree = "<group>"; };
		5BC5237F25175B7600E8F65C /* HTTPMethod.swift */ = {isa = PBXFileReference; fileEncoding = 4; lastKnownFileType = sourcecode.swift; path = HTTPMethod.swift; sourceTree = "<group>"; };
		5BC5238025175B7600E8F65C /* Router.swift */ = {isa = PBXFileReference; fileEncoding = 4; lastKnownFileType = sourcecode.swift; path = Router.swift; sourceTree = "<group>"; };
		5BC5238225175B7600E8F65C /* NetworkManager.swift */ = {isa = PBXFileReference; fileEncoding = 4; lastKnownFileType = sourcecode.swift; path = NetworkManager.swift; sourceTree = "<group>"; };
		5BC5238325175B7600E8F65C /* APIManager.swift */ = {isa = PBXFileReference; fileEncoding = 4; lastKnownFileType = sourcecode.swift; path = APIManager.swift; sourceTree = "<group>"; };
		5BC5238C25175DA200E8F65C /* ParameterEncoding.swift */ = {isa = PBXFileReference; fileEncoding = 4; lastKnownFileType = sourcecode.swift; path = ParameterEncoding.swift; sourceTree = "<group>"; };
		5BC5238D25175DA200E8F65C /* URLParameterEncoding.swift */ = {isa = PBXFileReference; fileEncoding = 4; lastKnownFileType = sourcecode.swift; path = URLParameterEncoding.swift; sourceTree = "<group>"; };
		5BC5239325175FB700E8F65C /* Comic.swift */ = {isa = PBXFileReference; lastKnownFileType = sourcecode.swift; path = Comic.swift; sourceTree = "<group>"; };
		5BC52395251760D500E8F65C /* Constants.swift */ = {isa = PBXFileReference; fileEncoding = 4; lastKnownFileType = sourcecode.swift; path = Constants.swift; sourceTree = "<group>"; };
		6D74993DD631DFBEC54DE7AC /* Pods_xkcd_viewer.framework */ = {isa = PBXFileReference; explicitFileType = wrapper.framework; includeInIndex = 0; path = Pods_xkcd_viewer.framework; sourceTree = BUILT_PRODUCTS_DIR; };
		B282F7CDCE6C213600BA83BE /* Pods-xkcd-viewerTests.release.xcconfig */ = {isa = PBXFileReference; includeInIndex = 1; lastKnownFileType = text.xcconfig; name = "Pods-xkcd-viewerTests.release.xcconfig"; path = "Target Support Files/Pods-xkcd-viewerTests/Pods-xkcd-viewerTests.release.xcconfig"; sourceTree = "<group>"; };
		EBFB58510966E975EE1E632C /* Pods-xkcd-viewerTests.debug.xcconfig */ = {isa = PBXFileReference; includeInIndex = 1; lastKnownFileType = text.xcconfig; name = "Pods-xkcd-viewerTests.debug.xcconfig"; path = "Target Support Files/Pods-xkcd-viewerTests/Pods-xkcd-viewerTests.debug.xcconfig"; sourceTree = "<group>"; };
/* End PBXFileReference section */

/* Begin PBXFrameworksBuildPhase section */
		5BC5233A25174AFC00E8F65C /* Frameworks */ = {
			isa = PBXFrameworksBuildPhase;
			buildActionMask = 2147483647;
			files = (
				0DE429F5BC54CEBA1C1BB942 /* Pods_xkcd_viewer.framework in Frameworks */,
			);
			runOnlyForDeploymentPostprocessing = 0;
		};
		5BC5235025174B0000E8F65C /* Frameworks */ = {
			isa = PBXFrameworksBuildPhase;
			buildActionMask = 2147483647;
			files = (
				B81924A750C846604D6B9F95 /* Pods_xkcd_viewerTests.framework in Frameworks */,
			);
			runOnlyForDeploymentPostprocessing = 0;
		};
/* End PBXFrameworksBuildPhase section */

/* Begin PBXGroup section */
		5B41203D251F58B9004DE325 /* Components */ = {
			isa = PBXGroup;
			children = (
				5B41203E251F58D9004DE325 /* FavoriteComicCell.swift */,
			);
			path = Components;
			sourceTree = "<group>";
		};
		5B41204225209771004DE325 /* Storage */ = {
			isa = PBXGroup;
			children = (
				5B41204325209783004DE325 /* StorageService.swift */,
			);
			path = Storage;
			sourceTree = "<group>";
		};
		5B4120452520A9AD004DE325 /* Mocks */ = {
			isa = PBXGroup;
			children = (
				5B4120462520AA04004DE325 /* MockAPIManager.swift */,
			);
			path = Mocks;
			sourceTree = "<group>";
		};
		5B4120482520AAEC004DE325 /* Stubs */ = {
			isa = PBXGroup;
			children = (
				5B4120492520AB3D004DE325 /* CurrentComic.json */,
				5B41204B2520AB85004DE325 /* Comic_100.json */,
			);
			path = Stubs;
			sourceTree = "<group>";
		};
		5B41204F2520B1BB004DE325 /* Modules */ = {
			isa = PBXGroup;
			children = (
				5B4120532520B2D5004DE325 /* Favorites */,
				5B4120502520B1CA004DE325 /* Home */,
			);
			path = Modules;
			sourceTree = "<group>";
		};
		5B4120502520B1CA004DE325 /* Home */ = {
			isa = PBXGroup;
			children = (
				5B4120512520B1EC004DE325 /* HomeViewModelTests.swift */,
			);
			path = Home;
			sourceTree = "<group>";
		};
		5B4120532520B2D5004DE325 /* Favorites */ = {
			isa = PBXGroup;
			children = (
				5B4120542520B2EC004DE325 /* FavoritesViewModelTests.swift */,
			);
			path = Favorites;
			sourceTree = "<group>";
		};
		5B99C5272517922500C08C2C /* Modules */ = {
			isa = PBXGroup;
			children = (
				5B99C53D2517D95800C08C2C /* Generic Tabbar */,
				5B99C52A2517925600C08C2C /* Home */,
				5B99C5422517DA1700C08C2C /* Favorites */,
			);
			path = Modules;
			sourceTree = "<group>";
		};
		5B99C52A2517925600C08C2C /* Home */ = {
			isa = PBXGroup;
			children = (
				5B99C5282517925300C08C2C /* HomeViewModel.swift */,
				5B99C52B2517926B00C08C2C /* HomeViewController.swift */,
			);
			path = Home;
			sourceTree = "<group>";
		};
		5B99C52E251795B600C08C2C /* Extensions */ = {
			isa = PBXGroup;
			children = (
				5B99C52F251795FA00C08C2C /* CGFloat+AppMargin.swift */,
				5B99C53B2517D69600C08C2C /* Double+toString.swift */,
				5B99C5472517DC3400C08C2C /* UIImage+Extension.swift */,
				5B41203B251F5726004DE325 /* UITableView+register.swift */,
				5B412040251F672C004DE325 /* UIViewController+SafariController.swift */,
			);
			path = Extensions;
			sourceTree = "<group>";
		};
		5B99C5332517B87500C08C2C /* Resources */ = {
			isa = PBXGroup;
			children = (
				5B4120482520AAEC004DE325 /* Stubs */,
				5B99C5382517B89300C08C2C /* Localizable.strings */,
			);
			path = Resources;
			sourceTree = "<group>";
		};
		5B99C53D2517D95800C08C2C /* Generic Tabbar */ = {
			isa = PBXGroup;
			children = (
				5B99C5402517D98900C08C2C /* GenericTabbarViewController.swift */,
			);
			path = "Generic Tabbar";
			sourceTree = "<group>";
		};
		5B99C5422517DA1700C08C2C /* Favorites */ = {
			isa = PBXGroup;
			children = (
				5B99C5432517DA2F00C08C2C /* FavoritesViewModel.swift */,
				5B99C5452517DA3E00C08C2C /* FavoritesViewController.swift */,
				5B41203D251F58B9004DE325 /* Components */,
			);
			path = Favorites;
			sourceTree = "<group>";
		};
		5BC5233425174AFC00E8F65C = {
			isa = PBXGroup;
			children = (
				5BC5233F25174AFC00E8F65C /* xkcd-viewer */,
				5BC5235625174B0100E8F65C /* xkcd-viewerTests */,
				5BC5233E25174AFC00E8F65C /* Products */,
				ADD23D717FD6D69FA9D39984 /* Pods */,
				96DBF48A7CD489353C26A2AF /* Frameworks */,
				5BC5236F251757BD00E8F65C /* .swiftlint.yml */,
			);
			sourceTree = "<group>";
		};
		5BC5233E25174AFC00E8F65C /* Products */ = {
			isa = PBXGroup;
			children = (
				5BC5233D25174AFC00E8F65C /* xkcd-viewer.app */,
				5BC5235325174B0000E8F65C /* xkcd-viewerTests.xctest */,
			);
			name = Products;
			sourceTree = "<group>";
		};
		5BC5233F25174AFC00E8F65C /* xkcd-viewer */ = {
			isa = PBXGroup;
			children = (
				5BC5234025174AFC00E8F65C /* AppDelegate.swift */,
				5BC5236225174EF600E8F65C /* AppCommunicator.swift */,
				5BC52395251760D500E8F65C /* Constants.swift */,
				5B99C52E251795B600C08C2C /* Extensions */,
				5BC5239225175F9200E8F65C /* Model */,
				5B99C5272517922500C08C2C /* Modules */,
				5BC5237825175B7600E8F65C /* Services */,
				5B99C5332517B87500C08C2C /* Resources */,
				5BC5234925174B0000E8F65C /* Assets.xcassets */,
				5BC5234B25174B0000E8F65C /* LaunchScreen.storyboard */,
				5BC5234E25174B0000E8F65C /* Info.plist */,
			);
			path = "xkcd-viewer";
			sourceTree = "<group>";
		};
		5BC5235625174B0100E8F65C /* xkcd-viewerTests */ = {
			isa = PBXGroup;
			children = (
				5B41204F2520B1BB004DE325 /* Modules */,
				5B4120452520A9AD004DE325 /* Mocks */,
				5BC5235925174B0100E8F65C /* Info.plist */,
			);
			path = "xkcd-viewerTests";
			sourceTree = "<group>";
		};
		5BC5237825175B7600E8F65C /* Services */ = {
			isa = PBXGroup;
			children = (
				5B41204225209771004DE325 /* Storage */,
				5BC5237925175B7600E8F65C /* Networking */,
			);
			path = Services;
			sourceTree = "<group>";
		};
		5BC5237925175B7600E8F65C /* Networking */ = {
			isa = PBXGroup;
			children = (
				5BC5238B25175DA200E8F65C /* Encoding */,
				5BC5238125175B7600E8F65C /* Manager */,
				5BC5237A25175B7600E8F65C /* EndPoint */,
				5BC5237D25175B7600E8F65C /* Service */,
			);
			path = Networking;
			sourceTree = "<group>";
		};
		5BC5237A25175B7600E8F65C /* EndPoint */ = {
			isa = PBXGroup;
			children = (
				5BC5237B25175B7600E8F65C /* EndPointType.swift */,
				5BC5237C25175B7600E8F65C /* ComicEndPoint.swift */,
			);
			path = EndPoint;
			sourceTree = "<group>";
		};
		5BC5237D25175B7600E8F65C /* Service */ = {
			isa = PBXGroup;
			children = (
				5BC5237E25175B7600E8F65C /* HTTPTask.swift */,
				5BC5237F25175B7600E8F65C /* HTTPMethod.swift */,
				5BC5238025175B7600E8F65C /* Router.swift */,
			);
			path = Service;
			sourceTree = "<group>";
		};
		5BC5238125175B7600E8F65C /* Manager */ = {
			isa = PBXGroup;
			children = (
				5BC5238225175B7600E8F65C /* NetworkManager.swift */,
				5BC5238325175B7600E8F65C /* APIManager.swift */,
			);
			path = Manager;
			sourceTree = "<group>";
		};
		5BC5238B25175DA200E8F65C /* Encoding */ = {
			isa = PBXGroup;
			children = (
				5BC5238C25175DA200E8F65C /* ParameterEncoding.swift */,
				5BC5238D25175DA200E8F65C /* URLParameterEncoding.swift */,
			);
			path = Encoding;
			sourceTree = "<group>";
		};
		5BC5239225175F9200E8F65C /* Model */ = {
			isa = PBXGroup;
			children = (
				5BC5239325175FB700E8F65C /* Comic.swift */,
			);
			path = Model;
			sourceTree = "<group>";
		};
		96DBF48A7CD489353C26A2AF /* Frameworks */ = {
			isa = PBXGroup;
			children = (
				6D74993DD631DFBEC54DE7AC /* Pods_xkcd_viewer.framework */,
				36B4BC045B657B3936F98A91 /* Pods_xkcd_viewerTests.framework */,
			);
			name = Frameworks;
			sourceTree = "<group>";
		};
		ADD23D717FD6D69FA9D39984 /* Pods */ = {
			isa = PBXGroup;
			children = (
				51F0BC56EDB6B843EFF68BAE /* Pods-xkcd-viewer.debug.xcconfig */,
				507D9C74AA3620CD38C4A6FC /* Pods-xkcd-viewer.release.xcconfig */,
				EBFB58510966E975EE1E632C /* Pods-xkcd-viewerTests.debug.xcconfig */,
				B282F7CDCE6C213600BA83BE /* Pods-xkcd-viewerTests.release.xcconfig */,
			);
			path = Pods;
			sourceTree = "<group>";
		};
/* End PBXGroup section */

/* Begin PBXNativeTarget section */
		5BC5233C25174AFC00E8F65C /* xkcd-viewer */ = {
			isa = PBXNativeTarget;
			buildConfigurationList = 5BC5235C25174B0100E8F65C /* Build configuration list for PBXNativeTarget "xkcd-viewer" */;
			buildPhases = (
				B9966B6AD62F5F3CE7545A9B /* [CP] Check Pods Manifest.lock */,
				5BC5233925174AFC00E8F65C /* Sources */,
				5BC5233A25174AFC00E8F65C /* Frameworks */,
				5BC5233B25174AFC00E8F65C /* Resources */,
				9DBF15EF650FC5E7EF36B5F8 /* [CP] Embed Pods Frameworks */,
				5BC52364251751A000E8F65C /* ShellScript */,
			);
			buildRules = (
			);
			dependencies = (
			);
			name = "xkcd-viewer";
			productName = "xkcd-viewer";
			productReference = 5BC5233D25174AFC00E8F65C /* xkcd-viewer.app */;
			productType = "com.apple.product-type.application";
		};
		5BC5235225174B0000E8F65C /* xkcd-viewerTests */ = {
			isa = PBXNativeTarget;
			buildConfigurationList = 5BC5235F25174B0100E8F65C /* Build configuration list for PBXNativeTarget "xkcd-viewerTests" */;
			buildPhases = (
				8DC2B0FB94DD70496D21F1D6 /* [CP] Check Pods Manifest.lock */,
				5BC5234F25174B0000E8F65C /* Sources */,
				5BC5235025174B0000E8F65C /* Frameworks */,
				5BC5235125174B0000E8F65C /* Resources */,
			);
			buildRules = (
			);
			dependencies = (
				5BC5235525174B0000E8F65C /* PBXTargetDependency */,
			);
			name = "xkcd-viewerTests";
			productName = "xkcd-viewerTests";
			productReference = 5BC5235325174B0000E8F65C /* xkcd-viewerTests.xctest */;
			productType = "com.apple.product-type.bundle.unit-test";
		};
/* End PBXNativeTarget section */

/* Begin PBXProject section */
		5BC5233525174AFC00E8F65C /* Project object */ = {
			isa = PBXProject;
			attributes = {
				LastSwiftUpdateCheck = 1170;
				LastUpgradeCheck = 1170;
				TargetAttributes = {
					5BC5233C25174AFC00E8F65C = {
						CreatedOnToolsVersion = 11.7;
					};
					5BC5235225174B0000E8F65C = {
						CreatedOnToolsVersion = 11.7;
						TestTargetID = 5BC5233C25174AFC00E8F65C;
					};
				};
			};
			buildConfigurationList = 5BC5233825174AFC00E8F65C /* Build configuration list for PBXProject "xkcd-viewer" */;
			compatibilityVersion = "Xcode 9.3";
			developmentRegion = en;
			hasScannedForEncodings = 0;
			knownRegions = (
				en,
				Base,
				nb,
			);
			mainGroup = 5BC5233425174AFC00E8F65C;
			productRefGroup = 5BC5233E25174AFC00E8F65C /* Products */;
			projectDirPath = "";
			projectRoot = "";
			targets = (
				5BC5233C25174AFC00E8F65C /* xkcd-viewer */,
				5BC5235225174B0000E8F65C /* xkcd-viewerTests */,
			);
		};
/* End PBXProject section */

/* Begin PBXResourcesBuildPhase section */
		5BC5233B25174AFC00E8F65C /* Resources */ = {
			isa = PBXResourcesBuildPhase;
			buildActionMask = 2147483647;
			files = (
				5BC52370251757BD00E8F65C /* .swiftlint.yml in Resources */,
				5B99C5362517B89300C08C2C /* Localizable.strings in Resources */,
				5BC5234D25174B0000E8F65C /* LaunchScreen.storyboard in Resources */,
				5BC5234A25174B0000E8F65C /* Assets.xcassets in Resources */,
				5B41204D2520AF46004DE325 /* CurrentComic.json in Resources */,
				5B41204E2520AF4A004DE325 /* Comic_100.json in Resources */,
			);
			runOnlyForDeploymentPostprocessing = 0;
		};
		5BC5235125174B0000E8F65C /* Resources */ = {
			isa = PBXResourcesBuildPhase;
			buildActionMask = 2147483647;
			files = (
				5BC52371251757BD00E8F65C /* .swiftlint.yml in Resources */,
				5B41204C2520AB85004DE325 /* Comic_100.json in Resources */,
			);
			runOnlyForDeploymentPostprocessing = 0;
		};
/* End PBXResourcesBuildPhase section */

/* Begin PBXShellScriptBuildPhase section */
		5BC52364251751A000E8F65C /* ShellScript */ = {
			isa = PBXShellScriptBuildPhase;
			buildActionMask = 2147483647;
			files = (
			);
			inputFileListPaths = (
			);
			inputPaths = (
			);
			outputFileListPaths = (
			);
			outputPaths = (
			);
			runOnlyForDeploymentPostprocessing = 0;
			shellPath = /bin/sh;
			shellScript = "\"${PODS_ROOT}/SwiftLint/swiftlint\"\n";
		};
		8DC2B0FB94DD70496D21F1D6 /* [CP] Check Pods Manifest.lock */ = {
			isa = PBXShellScriptBuildPhase;
			buildActionMask = 2147483647;
			files = (
			);
			inputFileListPaths = (
			);
			inputPaths = (
				"${PODS_PODFILE_DIR_PATH}/Podfile.lock",
				"${PODS_ROOT}/Manifest.lock",
			);
			name = "[CP] Check Pods Manifest.lock";
			outputFileListPaths = (
			);
			outputPaths = (
				"$(DERIVED_FILE_DIR)/Pods-xkcd-viewerTests-checkManifestLockResult.txt",
			);
			runOnlyForDeploymentPostprocessing = 0;
			shellPath = /bin/sh;
			shellScript = "diff \"${PODS_PODFILE_DIR_PATH}/Podfile.lock\" \"${PODS_ROOT}/Manifest.lock\" > /dev/null\nif [ $? != 0 ] ; then\n    # print error to STDERR\n    echo \"error: The sandbox is not in sync with the Podfile.lock. Run 'pod install' or update your CocoaPods installation.\" >&2\n    exit 1\nfi\n# This output is used by Xcode 'outputs' to avoid re-running this script phase.\necho \"SUCCESS\" > \"${SCRIPT_OUTPUT_FILE_0}\"\n";
			showEnvVarsInLog = 0;
		};
		9DBF15EF650FC5E7EF36B5F8 /* [CP] Embed Pods Frameworks */ = {
			isa = PBXShellScriptBuildPhase;
			buildActionMask = 2147483647;
			files = (
			);
			inputFileListPaths = (
				"${PODS_ROOT}/Target Support Files/Pods-xkcd-viewer/Pods-xkcd-viewer-frameworks-${CONFIGURATION}-input-files.xcfilelist",
			);
			name = "[CP] Embed Pods Frameworks";
			outputFileListPaths = (
				"${PODS_ROOT}/Target Support Files/Pods-xkcd-viewer/Pods-xkcd-viewer-frameworks-${CONFIGURATION}-output-files.xcfilelist",
			);
			runOnlyForDeploymentPostprocessing = 0;
			shellPath = /bin/sh;
			shellScript = "\"${PODS_ROOT}/Target Support Files/Pods-xkcd-viewer/Pods-xkcd-viewer-frameworks.sh\"\n";
			showEnvVarsInLog = 0;
		};
		B9966B6AD62F5F3CE7545A9B /* [CP] Check Pods Manifest.lock */ = {
			isa = PBXShellScriptBuildPhase;
			buildActionMask = 2147483647;
			files = (
			);
			inputFileListPaths = (
			);
			inputPaths = (
				"${PODS_PODFILE_DIR_PATH}/Podfile.lock",
				"${PODS_ROOT}/Manifest.lock",
			);
			name = "[CP] Check Pods Manifest.lock";
			outputFileListPaths = (
			);
			outputPaths = (
				"$(DERIVED_FILE_DIR)/Pods-xkcd-viewer-checkManifestLockResult.txt",
			);
			runOnlyForDeploymentPostprocessing = 0;
			shellPath = /bin/sh;
			shellScript = "diff \"${PODS_PODFILE_DIR_PATH}/Podfile.lock\" \"${PODS_ROOT}/Manifest.lock\" > /dev/null\nif [ $? != 0 ] ; then\n    # print error to STDERR\n    echo \"error: The sandbox is not in sync with the Podfile.lock. Run 'pod install' or update your CocoaPods installation.\" >&2\n    exit 1\nfi\n# This output is used by Xcode 'outputs' to avoid re-running this script phase.\necho \"SUCCESS\" > \"${SCRIPT_OUTPUT_FILE_0}\"\n";
			showEnvVarsInLog = 0;
		};
/* End PBXShellScriptBuildPhase section */

/* Begin PBXSourcesBuildPhase section */
		5BC5233925174AFC00E8F65C /* Sources */ = {
			isa = PBXSourcesBuildPhase;
			buildActionMask = 2147483647;
			files = (
				5BC5236325174EF600E8F65C /* AppCommunicator.swift in Sources */,
				5BC5239425175FB700E8F65C /* Comic.swift in Sources */,
				5BC5238625175B7600E8F65C /* HTTPTask.swift in Sources */,
				5BC5238F25175DA200E8F65C /* ParameterEncoding.swift in Sources */,
				5BC5238725175B7600E8F65C /* HTTPMethod.swift in Sources */,
				5B41203F251F58D9004DE325 /* FavoriteComicCell.swift in Sources */,
				5B99C52C2517926B00C08C2C /* HomeViewController.swift in Sources */,
				5B41204425209783004DE325 /* StorageService.swift in Sources */,
				5BC5238A25175B7600E8F65C /* APIManager.swift in Sources */,
				5BC5238825175B7600E8F65C /* Router.swift in Sources */,
				5BC52396251760D500E8F65C /* Constants.swift in Sources */,
				5BC5238925175B7600E8F65C /* NetworkManager.swift in Sources */,
				5B99C5442517DA2F00C08C2C /* FavoritesViewModel.swift in Sources */,
				5B41203C251F5726004DE325 /* UITableView+register.swift in Sources */,
				5B99C5412517D98900C08C2C /* GenericTabbarViewController.swift in Sources */,
				5B99C5292517925300C08C2C /* HomeViewModel.swift in Sources */,
				5BC5239025175DA200E8F65C /* URLParameterEncoding.swift in Sources */,
				5B412041251F672C004DE325 /* UIViewController+SafariController.swift in Sources */,
				5B99C5482517DC3400C08C2C /* UIImage+Extension.swift in Sources */,
				5B99C53C2517D69600C08C2C /* Double+toString.swift in Sources */,
				5B99C5462517DA3E00C08C2C /* FavoritesViewController.swift in Sources */,
				5B99C530251795FA00C08C2C /* CGFloat+AppMargin.swift in Sources */,
				5BC5234125174AFC00E8F65C /* AppDelegate.swift in Sources */,
				5BC5238525175B7600E8F65C /* ComicEndPoint.swift in Sources */,
				5BC5238425175B7600E8F65C /* EndPointType.swift in Sources */,
			);
			runOnlyForDeploymentPostprocessing = 0;
		};
		5BC5234F25174B0000E8F65C /* Sources */ = {
			isa = PBXSourcesBuildPhase;
			buildActionMask = 2147483647;
			files = (
				5B4120472520AA04004DE325 /* MockAPIManager.swift in Sources */,
				5B41204A2520AB3D004DE325 /* CurrentComic.json in Sources */,
				5B4120552520B2EC004DE325 /* FavoritesViewModelTests.swift in Sources */,
				5B4120522520B1EC004DE325 /* HomeViewModelTests.swift in Sources */,
			);
			runOnlyForDeploymentPostprocessing = 0;
		};
/* End PBXSourcesBuildPhase section */

/* Begin PBXTargetDependency section */
		5BC5235525174B0000E8F65C /* PBXTargetDependency */ = {
			isa = PBXTargetDependency;
			target = 5BC5233C25174AFC00E8F65C /* xkcd-viewer */;
			targetProxy = 5BC5235425174B0000E8F65C /* PBXContainerItemProxy */;
		};
/* End PBXTargetDependency section */

/* Begin PBXVariantGroup section */
		5B99C5382517B89300C08C2C /* Localizable.strings */ = {
			isa = PBXVariantGroup;
			children = (
				5B99C5372517B89300C08C2C /* en */,
				5B99C53A2517B8E900C08C2C /* nb */,
			);
			name = Localizable.strings;
			sourceTree = "<group>";
		};
		5BC5234B25174B0000E8F65C /* LaunchScreen.storyboard */ = {
			isa = PBXVariantGroup;
			children = (
				5BC5234C25174B0000E8F65C /* Base */,
				5B99C5392517B8E900C08C2C /* nb */,
			);
			name = LaunchScreen.storyboard;
			sourceTree = "<group>";
		};
/* End PBXVariantGroup section */

/* Begin XCBuildConfiguration section */
		5BC5235A25174B0100E8F65C /* Debug */ = {
			isa = XCBuildConfiguration;
			buildSettings = {
				ALWAYS_SEARCH_USER_PATHS = NO;
				CLANG_ANALYZER_LOCALIZABILITY_NONLOCALIZED = YES;
				CLANG_ANALYZER_NONNULL = YES;
				CLANG_ANALYZER_NUMBER_OBJECT_CONVERSION = YES_AGGRESSIVE;
				CLANG_CXX_LANGUAGE_STANDARD = "gnu++14";
				CLANG_CXX_LIBRARY = "libc++";
				CLANG_ENABLE_MODULES = YES;
				CLANG_ENABLE_OBJC_ARC = YES;
				CLANG_ENABLE_OBJC_WEAK = YES;
				CLANG_WARN_BLOCK_CAPTURE_AUTORELEASING = YES;
				CLANG_WARN_BOOL_CONVERSION = YES;
				CLANG_WARN_COMMA = YES;
				CLANG_WARN_CONSTANT_CONVERSION = YES;
				CLANG_WARN_DEPRECATED_OBJC_IMPLEMENTATIONS = YES;
				CLANG_WARN_DIRECT_OBJC_ISA_USAGE = YES_ERROR;
				CLANG_WARN_DOCUMENTATION_COMMENTS = YES;
				CLANG_WARN_EMPTY_BODY = YES;
				CLANG_WARN_ENUM_CONVERSION = YES;
				CLANG_WARN_INFINITE_RECURSION = YES;
				CLANG_WARN_INT_CONVERSION = YES;
				CLANG_WARN_NON_LITERAL_NULL_CONVERSION = YES;
				CLANG_WARN_OBJC_IMPLICIT_RETAIN_SELF = YES;
				CLANG_WARN_OBJC_LITERAL_CONVERSION = YES;
				CLANG_WARN_OBJC_ROOT_CLASS = YES_ERROR;
				CLANG_WARN_RANGE_LOOP_ANALYSIS = YES;
				CLANG_WARN_STRICT_PROTOTYPES = YES;
				CLANG_WARN_SUSPICIOUS_MOVE = YES;
				CLANG_WARN_UNGUARDED_AVAILABILITY = YES_AGGRESSIVE;
				CLANG_WARN_UNREACHABLE_CODE = YES;
				CLANG_WARN__DUPLICATE_METHOD_MATCH = YES;
				COPY_PHASE_STRIP = NO;
				DEBUG_INFORMATION_FORMAT = dwarf;
				ENABLE_STRICT_OBJC_MSGSEND = YES;
				ENABLE_TESTABILITY = YES;
				GCC_C_LANGUAGE_STANDARD = gnu11;
				GCC_DYNAMIC_NO_PIC = NO;
				GCC_NO_COMMON_BLOCKS = YES;
				GCC_OPTIMIZATION_LEVEL = 0;
				GCC_PREPROCESSOR_DEFINITIONS = (
					"DEBUG=1",
					"$(inherited)",
				);
				GCC_WARN_64_TO_32_BIT_CONVERSION = YES;
				GCC_WARN_ABOUT_RETURN_TYPE = YES_ERROR;
				GCC_WARN_UNDECLARED_SELECTOR = YES;
				GCC_WARN_UNINITIALIZED_AUTOS = YES_AGGRESSIVE;
				GCC_WARN_UNUSED_FUNCTION = YES;
				GCC_WARN_UNUSED_VARIABLE = YES;
				IPHONEOS_DEPLOYMENT_TARGET = 13.7;
				MTL_ENABLE_DEBUG_INFO = INCLUDE_SOURCE;
				MTL_FAST_MATH = YES;
				ONLY_ACTIVE_ARCH = YES;
				SDKROOT = iphoneos;
				SWIFT_ACTIVE_COMPILATION_CONDITIONS = DEBUG;
				SWIFT_OPTIMIZATION_LEVEL = "-Onone";
			};
			name = Debug;
		};
		5BC5235B25174B0100E8F65C /* Release */ = {
			isa = XCBuildConfiguration;
			buildSettings = {
				ALWAYS_SEARCH_USER_PATHS = NO;
				CLANG_ANALYZER_LOCALIZABILITY_NONLOCALIZED = YES;
				CLANG_ANALYZER_NONNULL = YES;
				CLANG_ANALYZER_NUMBER_OBJECT_CONVERSION = YES_AGGRESSIVE;
				CLANG_CXX_LANGUAGE_STANDARD = "gnu++14";
				CLANG_CXX_LIBRARY = "libc++";
				CLANG_ENABLE_MODULES = YES;
				CLANG_ENABLE_OBJC_ARC = YES;
				CLANG_ENABLE_OBJC_WEAK = YES;
				CLANG_WARN_BLOCK_CAPTURE_AUTORELEASING = YES;
				CLANG_WARN_BOOL_CONVERSION = YES;
				CLANG_WARN_COMMA = YES;
				CLANG_WARN_CONSTANT_CONVERSION = YES;
				CLANG_WARN_DEPRECATED_OBJC_IMPLEMENTATIONS = YES;
				CLANG_WARN_DIRECT_OBJC_ISA_USAGE = YES_ERROR;
				CLANG_WARN_DOCUMENTATION_COMMENTS = YES;
				CLANG_WARN_EMPTY_BODY = YES;
				CLANG_WARN_ENUM_CONVERSION = YES;
				CLANG_WARN_INFINITE_RECURSION = YES;
				CLANG_WARN_INT_CONVERSION = YES;
				CLANG_WARN_NON_LITERAL_NULL_CONVERSION = YES;
				CLANG_WARN_OBJC_IMPLICIT_RETAIN_SELF = YES;
				CLANG_WARN_OBJC_LITERAL_CONVERSION = YES;
				CLANG_WARN_OBJC_ROOT_CLASS = YES_ERROR;
				CLANG_WARN_RANGE_LOOP_ANALYSIS = YES;
				CLANG_WARN_STRICT_PROTOTYPES = YES;
				CLANG_WARN_SUSPICIOUS_MOVE = YES;
				CLANG_WARN_UNGUARDED_AVAILABILITY = YES_AGGRESSIVE;
				CLANG_WARN_UNREACHABLE_CODE = YES;
				CLANG_WARN__DUPLICATE_METHOD_MATCH = YES;
				COPY_PHASE_STRIP = NO;
				DEBUG_INFORMATION_FORMAT = "dwarf-with-dsym";
				ENABLE_NS_ASSERTIONS = NO;
				ENABLE_STRICT_OBJC_MSGSEND = YES;
				GCC_C_LANGUAGE_STANDARD = gnu11;
				GCC_NO_COMMON_BLOCKS = YES;
				GCC_WARN_64_TO_32_BIT_CONVERSION = YES;
				GCC_WARN_ABOUT_RETURN_TYPE = YES_ERROR;
				GCC_WARN_UNDECLARED_SELECTOR = YES;
				GCC_WARN_UNINITIALIZED_AUTOS = YES_AGGRESSIVE;
				GCC_WARN_UNUSED_FUNCTION = YES;
				GCC_WARN_UNUSED_VARIABLE = YES;
				IPHONEOS_DEPLOYMENT_TARGET = 13.7;
				MTL_ENABLE_DEBUG_INFO = NO;
				MTL_FAST_MATH = YES;
				SDKROOT = iphoneos;
				SWIFT_COMPILATION_MODE = wholemodule;
				SWIFT_OPTIMIZATION_LEVEL = "-O";
				VALIDATE_PRODUCT = YES;
			};
			name = Release;
		};
		5BC5235D25174B0100E8F65C /* Debug */ = {
			isa = XCBuildConfiguration;
			baseConfigurationReference = 51F0BC56EDB6B843EFF68BAE /* Pods-xkcd-viewer.debug.xcconfig */;
			buildSettings = {
				ASSETCATALOG_COMPILER_APPICON_NAME = AppIcon;
				CODE_SIGN_STYLE = Automatic;
				DEVELOPMENT_TEAM = 93T63GNKTE;
				INFOPLIST_FILE = "xkcd-viewer/Info.plist";
				IPHONEOS_DEPLOYMENT_TARGET = 12.0;
				LD_RUNPATH_SEARCH_PATHS = (
					"$(inherited)",
					"@executable_path/Frameworks",
				);
				PRODUCT_BUNDLE_IDENTIFIER = "sample.xkcd-viewer";
				PRODUCT_NAME = "$(TARGET_NAME)";
				SWIFT_VERSION = 5.0;
				TARGETED_DEVICE_FAMILY = "1,2";
			};
			name = Debug;
		};
		5BC5235E25174B0100E8F65C /* Release */ = {
			isa = XCBuildConfiguration;
			baseConfigurationReference = 507D9C74AA3620CD38C4A6FC /* Pods-xkcd-viewer.release.xcconfig */;
			buildSettings = {
				ASSETCATALOG_COMPILER_APPICON_NAME = AppIcon;
				CODE_SIGN_STYLE = Automatic;
				DEVELOPMENT_TEAM = 93T63GNKTE;
				INFOPLIST_FILE = "xkcd-viewer/Info.plist";
				IPHONEOS_DEPLOYMENT_TARGET = 12.0;
				LD_RUNPATH_SEARCH_PATHS = (
					"$(inherited)",
					"@executable_path/Frameworks",
				);
				PRODUCT_BUNDLE_IDENTIFIER = "sample.xkcd-viewer";
				PRODUCT_NAME = "$(TARGET_NAME)";
				SWIFT_VERSION = 5.0;
				TARGETED_DEVICE_FAMILY = "1,2";
			};
			name = Release;
		};
		5BC5236025174B0100E8F65C /* Debug */ = {
			isa = XCBuildConfiguration;
			baseConfigurationReference = EBFB58510966E975EE1E632C /* Pods-xkcd-viewerTests.debug.xcconfig */;
			buildSettings = {
				ALWAYS_EMBED_SWIFT_STANDARD_LIBRARIES = YES;
				BUNDLE_LOADER = "$(TEST_HOST)";
				CODE_SIGN_STYLE = Automatic;
				INFOPLIST_FILE = "xkcd-viewerTests/Info.plist";
				IPHONEOS_DEPLOYMENT_TARGET = 13.7;
				LD_RUNPATH_SEARCH_PATHS = (
					"$(inherited)",
					"@executable_path/Frameworks",
					"@loader_path/Frameworks",
				);
				PRODUCT_BUNDLE_IDENTIFIER = "sample.xkcd-viewerTests";
				PRODUCT_NAME = "$(TARGET_NAME)";
				SWIFT_VERSION = 5.0;
				TARGETED_DEVICE_FAMILY = "1,2";
				TEST_HOST = "$(BUILT_PRODUCTS_DIR)/xkcd-viewer.app/xkcd-viewer";
			};
			name = Debug;
		};
		5BC5236125174B0100E8F65C /* Release */ = {
			isa = XCBuildConfiguration;
			baseConfigurationReference = B282F7CDCE6C213600BA83BE /* Pods-xkcd-viewerTests.release.xcconfig */;
			buildSettings = {
				ALWAYS_EMBED_SWIFT_STANDARD_LIBRARIES = YES;
				BUNDLE_LOADER = "$(TEST_HOST)";
				CODE_SIGN_STYLE = Automatic;
				INFOPLIST_FILE = "xkcd-viewerTests/Info.plist";
				IPHONEOS_DEPLOYMENT_TARGET = 13.7;
				LD_RUNPATH_SEARCH_PATHS = (
					"$(inherited)",
					"@executable_path/Frameworks",
					"@loader_path/Frameworks",
				);
				PRODUCT_BUNDLE_IDENTIFIER = "sample.xkcd-viewerTests";
				PRODUCT_NAME = "$(TARGET_NAME)";
				SWIFT_VERSION = 5.0;
				TARGETED_DEVICE_FAMILY = "1,2";
				TEST_HOST = "$(BUILT_PRODUCTS_DIR)/xkcd-viewer.app/xkcd-viewer";
			};
			name = Release;
		};
/* End XCBuildConfiguration section */

/* Begin XCConfigurationList section */
		5BC5233825174AFC00E8F65C /* Build configuration list for PBXProject "xkcd-viewer" */ = {
			isa = XCConfigurationList;
			buildConfigurations = (
				5BC5235A25174B0100E8F65C /* Debug */,
				5BC5235B25174B0100E8F65C /* Release */,
			);
			defaultConfigurationIsVisible = 0;
			defaultConfigurationName = Release;
		};
		5BC5235C25174B0100E8F65C /* Build configuration list for PBXNativeTarget "xkcd-viewer" */ = {
			isa = XCConfigurationList;
			buildConfigurations = (
				5BC5235D25174B0100E8F65C /* Debug */,
				5BC5235E25174B0100E8F65C /* Release */,
			);
			defaultConfigurationIsVisible = 0;
			defaultConfigurationName = Release;
		};
		5BC5235F25174B0100E8F65C /* Build configuration list for PBXNativeTarget "xkcd-viewerTests" */ = {
			isa = XCConfigurationList;
			buildConfigurations = (
				5BC5236025174B0100E8F65C /* Debug */,
				5BC5236125174B0100E8F65C /* Release */,
			);
			defaultConfigurationIsVisible = 0;
			defaultConfigurationName = Release;
		};
/* End XCConfigurationList section */
	};
	rootObject = 5BC5233525174AFC00E8F65C /* Project object */;
}
